// !$*UTF8*$!
{
	archiveVersion = 1;
	classes = {
	};
	objectVersion = 46;
	objects = {

/* Begin PBXBuildFile section */
		A0F24D0A1C153DC900457BA2 /* main.m in Sources */ = {isa = PBXBuildFile; fileRef = A0F24D091C153DC900457BA2 /* main.m */; };
		A0F24D0D1C153DC900457BA2 /* AppDelegate.m in Sources */ = {isa = PBXBuildFile; fileRef = A0F24D0C1C153DC900457BA2 /* AppDelegate.m */; };
		A0F24D101C153DC900457BA2 /* ViewController.m in Sources */ = {isa = PBXBuildFile; fileRef = A0F24D0F1C153DC900457BA2 /* ViewController.m */; };
		A0F24D131C153DC900457BA2 /* Main.storyboard in Resources */ = {isa = PBXBuildFile; fileRef = A0F24D111C153DC900457BA2 /* Main.storyboard */; };
		A0F24D151C153DC900457BA2 /* Assets.xcassets in Resources */ = {isa = PBXBuildFile; fileRef = A0F24D141C153DC900457BA2 /* Assets.xcassets */; };
		A0F24D181C153DC900457BA2 /* LaunchScreen.storyboard in Resources */ = {isa = PBXBuildFile; fileRef = A0F24D161C153DC900457BA2 /* LaunchScreen.storyboard */; };
		A0F24D231C153DCA00457BA2 /* PruebaGitHubTests.m in Sources */ = {isa = PBXBuildFile; fileRef = A0F24D221C153DCA00457BA2 /* PruebaGitHubTests.m */; };
		A0F24D2E1C153DCA00457BA2 /* PruebaGitHubUITests.m in Sources */ = {isa = PBXBuildFile; fileRef = A0F24D2D1C153DCA00457BA2 /* PruebaGitHubUITests.m */; };
/* End PBXBuildFile section */

/* Begin PBXContainerItemProxy section */
		A0F24D1F1C153DCA00457BA2 /* PBXContainerItemProxy */ = {
			isa = PBXContainerItemProxy;
			containerPortal = A0F24CFD1C153DC900457BA2 /* Project object */;
			proxyType = 1;
			remoteGlobalIDString = A0F24D041C153DC900457BA2;
			remoteInfo = PruebaGitHub;
		};
		A0F24D2A1C153DCA00457BA2 /* PBXContainerItemProxy */ = {
			isa = PBXContainerItemProxy;
			containerPortal = A0F24CFD1C153DC900457BA2 /* Project object */;
			proxyType = 1;
			remoteGlobalIDString = A0F24D041C153DC900457BA2;
			remoteInfo = PruebaGitHub;
		};
/* End PBXContainerItemProxy section */

/* Begin PBXFileReference section */
		A0F24D051C153DC900457BA2 /* PruebaGitHub.app */ = {isa = PBXFileReference; explicitFileType = wrapper.application; includeInIndex = 0; path = PruebaGitHub.app; sourceTree = BUILT_PRODUCTS_DIR; };
		A0F24D091C153DC900457BA2 /* main.m */ = {isa = PBXFileReference; lastKnownFileType = sourcecode.c.objc; path = main.m; sourceTree = "<group>"; };
		A0F24D0B1C153DC900457BA2 /* AppDelegate.h */ = {isa = PBXFileReference; lastKnownFileType = sourcecode.c.h; path = AppDelegate.h; sourceTree = "<group>"; };
		A0F24D0C1C153DC900457BA2 /* AppDelegate.m */ = {isa = PBXFileReference; lastKnownFileType = sourcecode.c.objc; path = AppDelegate.m; sourceTree = "<group>"; };
		A0F24D0E1C153DC900457BA2 /* ViewController.h */ = {isa = PBXFileReference; lastKnownFileType = sourcecode.c.h; path = ViewController.h; sourceTree = "<group>"; };
		A0F24D0F1C153DC900457BA2 /* ViewController.m */ = {isa = PBXFileReference; lastKnownFileType = sourcecode.c.objc; path = ViewController.m; sourceTree = "<group>"; };
		A0F24D121C153DC900457BA2 /* Base */ = {isa = PBXFileReference; lastKnownFileType = file.storyboard; name = Base; path = Base.lproj/Main.storyboard; sourceTree = "<group>"; };
		A0F24D141C153DC900457BA2 /* Assets.xcassets */ = {isa = PBXFileReference; lastKnownFileType = folder.assetcatalog; path = Assets.xcassets; sourceTree = "<group>"; };
		A0F24D171C153DC900457BA2 /* Base */ = {isa = PBXFileReference; lastKnownFileType = file.storyboard; name = Base; path = Base.lproj/LaunchScreen.storyboard; sourceTree = "<group>"; };
		A0F24D191C153DC900457BA2 /* Info.plist */ = {isa = PBXFileReference; lastKnownFileType = text.plist.xml; path = Info.plist; sourceTree = "<group>"; };
		A0F24D1E1C153DCA00457BA2 /* PruebaGitHubTests.xctest */ = {isa = PBXFileReference; explicitFileType = wrapper.cfbundle; includeInIndex = 0; path = PruebaGitHubTests.xctest; sourceTree = BUILT_PRODUCTS_DIR; };
		A0F24D221C153DCA00457BA2 /* PruebaGitHubTests.m */ = {isa = PBXFileReference; lastKnownFileType = sourcecode.c.objc; path = PruebaGitHubTests.m; sourceTree = "<group>"; };
		A0F24D241C153DCA00457BA2 /* Info.plist */ = {isa = PBXFileReference; lastKnownFileType = text.plist.xml; path = Info.plist; sourceTree = "<group>"; };
		A0F24D291C153DCA00457BA2 /* PruebaGitHubUITests.xctest */ = {isa = PBXFileReference; explicitFileType = wrapper.cfbundle; includeInIndex = 0; path = PruebaGitHubUITests.xctest; sourceTree = BUILT_PRODUCTS_DIR; };
		A0F24D2D1C153DCA00457BA2 /* PruebaGitHubUITests.m */ = {isa = PBXFileReference; lastKnownFileType = sourcecode.c.objc; path = PruebaGitHubUITests.m; sourceTree = "<group>"; };
		A0F24D2F1C153DCA00457BA2 /* Info.plist */ = {isa = PBXFileReference; lastKnownFileType = text.plist.xml; path = Info.plist; sourceTree = "<group>"; };
/* End PBXFileReference section */

/* Begin PBXFrameworksBuildPhase section */
		A0F24D021C153DC900457BA2 /* Frameworks */ = {
			isa = PBXFrameworksBuildPhase;
			buildActionMask = 2147483647;
			files = (
			);
			runOnlyForDeploymentPostprocessing = 0;
		};
		A0F24D1B1C153DCA00457BA2 /* Frameworks */ = {
			isa = PBXFrameworksBuildPhase;
			buildActionMask = 2147483647;
			files = (
			);
			runOnlyForDeploymentPostprocessing = 0;
		};
		A0F24D261C153DCA00457BA2 /* Frameworks */ = {
			isa = PBXFrameworksBuildPhase;
			buildActionMask = 2147483647;
			files = (
			);
			runOnlyForDeploymentPostprocessing = 0;
		};
/* End PBXFrameworksBuildPhase section */

/* Begin PBXGroup section */
		A0F24CFC1C153DC900457BA2 = {
			isa = PBXGroup;
			children = (
				A0F24D071C153DC900457BA2 /* PruebaGitHub */,
				A0F24D211C153DCA00457BA2 /* PruebaGitHubTests */,
				A0F24D2C1C153DCA00457BA2 /* PruebaGitHubUITests */,
				A0F24D061C153DC900457BA2 /* Products */,
			);
			sourceTree = "<group>";
		};
		A0F24D061C153DC900457BA2 /* Products */ = {
			isa = PBXGroup;
			children = (
				A0F24D051C153DC900457BA2 /* PruebaGitHub.app */,
				A0F24D1E1C153DCA00457BA2 /* PruebaGitHubTests.xctest */,
				A0F24D291C153DCA00457BA2 /* PruebaGitHubUITests.xctest */,
			);
			name = Products;
			sourceTree = "<group>";
		};
		A0F24D071C153DC900457BA2 /* PruebaGitHub */ = {
			isa = PBXGroup;
			children = (
				A0F24D0B1C153DC900457BA2 /* AppDelegate.h */,
				A0F24D0C1C153DC900457BA2 /* AppDelegate.m */,
				A0F24D0E1C153DC900457BA2 /* ViewController.h */,
				A0F24D0F1C153DC900457BA2 /* ViewController.m */,
				A0F24D111C153DC900457BA2 /* Main.storyboard */,
				A0F24D141C153DC900457BA2 /* Assets.xcassets */,
				A0F24D161C153DC900457BA2 /* LaunchScreen.storyboard */,
				A0F24D191C153DC900457BA2 /* Info.plist */,
				A0F24D081C153DC900457BA2 /* Supporting Files */,
			);
			path = PruebaGitHub;
			sourceTree = "<group>";
		};
		A0F24D081C153DC900457BA2 /* Supporting Files */ = {
			isa = PBXGroup;
			children = (
				A0F24D091C153DC900457BA2 /* main.m */,
			);
			name = "Supporting Files";
			sourceTree = "<group>";
		};
		A0F24D211C153DCA00457BA2 /* PruebaGitHubTests */ = {
			isa = PBXGroup;
			children = (
				A0F24D221C153DCA00457BA2 /* PruebaGitHubTests.m */,
				A0F24D241C153DCA00457BA2 /* Info.plist */,
			);
			path = PruebaGitHubTests;
			sourceTree = "<group>";
		};
		A0F24D2C1C153DCA00457BA2 /* PruebaGitHubUITests */ = {
			isa = PBXGroup;
			children = (
				A0F24D2D1C153DCA00457BA2 /* PruebaGitHubUITests.m */,
				A0F24D2F1C153DCA00457BA2 /* Info.plist */,
			);
			path = PruebaGitHubUITests;
			sourceTree = "<group>";
		};
/* End PBXGroup section */

/* Begin PBXNativeTarget section */
		A0F24D041C153DC900457BA2 /* PruebaGitHub */ = {
			isa = PBXNativeTarget;
			buildConfigurationList = A0F24D321C153DCA00457BA2 /* Build configuration list for PBXNativeTarget "PruebaGitHub" */;
			buildPhases = (
				A0F24D011C153DC900457BA2 /* Sources */,
				A0F24D021C153DC900457BA2 /* Frameworks */,
				A0F24D031C153DC900457BA2 /* Resources */,
			);
			buildRules = (
			);
			dependencies = (
			);
			name = PruebaGitHub;
			productName = PruebaGitHub;
			productReference = A0F24D051C153DC900457BA2 /* PruebaGitHub.app */;
			productType = "com.apple.product-type.application";
		};
		A0F24D1D1C153DCA00457BA2 /* PruebaGitHubTests */ = {
			isa = PBXNativeTarget;
			buildConfigurationList = A0F24D351C153DCA00457BA2 /* Build configuration list for PBXNativeTarget "PruebaGitHubTests" */;
			buildPhases = (
				A0F24D1A1C153DCA00457BA2 /* Sources */,
				A0F24D1B1C153DCA00457BA2 /* Frameworks */,
				A0F24D1C1C153DCA00457BA2 /* Resources */,
			);
			buildRules = (
			);
			dependencies = (
				A0F24D201C153DCA00457BA2 /* PBXTargetDependency */,
			);
			name = PruebaGitHubTests;
			productName = PruebaGitHubTests;
			productReference = A0F24D1E1C153DCA00457BA2 /* PruebaGitHubTests.xctest */;
			productType = "com.apple.product-type.bundle.unit-test";
		};
		A0F24D281C153DCA00457BA2 /* PruebaGitHubUITests */ = {
			isa = PBXNativeTarget;
			buildConfigurationList = A0F24D381C153DCA00457BA2 /* Build configuration list for PBXNativeTarget "PruebaGitHubUITests" */;
			buildPhases = (
				A0F24D251C153DCA00457BA2 /* Sources */,
				A0F24D261C153DCA00457BA2 /* Frameworks */,
				A0F24D271C153DCA00457BA2 /* Resources */,
			);
			buildRules = (
			);
			dependencies = (
				A0F24D2B1C153DCA00457BA2 /* PBXTargetDependency */,
			);
			name = PruebaGitHubUITests;
			productName = PruebaGitHubUITests;
			productReference = A0F24D291C153DCA00457BA2 /* PruebaGitHubUITests.xctest */;
			productType = "com.apple.product-type.bundle.ui-testing";
		};
/* End PBXNativeTarget section */

/* Begin PBXProject section */
		A0F24CFD1C153DC900457BA2 /* Project object */ = {
			isa = PBXProject;
			attributes = {
				LastUpgradeCheck = 0710;
				ORGANIZATIONNAME = "Luis Castellanos Morales";
				TargetAttributes = {
					A0F24D041C153DC900457BA2 = {
						CreatedOnToolsVersion = 7.1.1;
					};
					A0F24D1D1C153DCA00457BA2 = {
						CreatedOnToolsVersion = 7.1.1;
						TestTargetID = A0F24D041C153DC900457BA2;
					};
					A0F24D281C153DCA00457BA2 = {
						CreatedOnToolsVersion = 7.1.1;
						TestTargetID = A0F24D041C153DC900457BA2;
					};
				};
			};
			buildConfigurationList = A0F24D001C153DC900457BA2 /* Build configuration list for PBXProject "PruebaGitHub" */;
			compatibilityVersion = "Xcode 3.2";
			developmentRegion = English;
			hasScannedForEncodings = 0;
			knownRegions = (
				en,
				Base,
			);
			mainGroup = A0F24CFC1C153DC900457BA2;
			productRefGroup = A0F24D061C153DC900457BA2 /* Products */;
			projectDirPath = "";
			projectRoot = "";
			targets = (
				A0F24D041C153DC900457BA2 /* PruebaGitHub */,
				A0F24D1D1C153DCA00457BA2 /* PruebaGitHubTests */,
				A0F24D281C153DCA00457BA2 /* PruebaGitHubUITests */,
			);
		};
/* End PBXProject section */

/* Begin PBXResourcesBuildPhase section */
		A0F24D031C153DC900457BA2 /* Resources */ = {
			isa = PBXResourcesBuildPhase;
			buildActionMask = 2147483647;
			files = (
				A0F24D181C153DC900457BA2 /* LaunchScreen.storyboard in Resources */,
				A0F24D151C153DC900457BA2 /* Assets.xcassets in Resources */,
				A0F24D131C153DC900457BA2 /* Main.storyboard in Resources */,
			);
			runOnlyForDeploymentPostprocessing = 0;
		};
		A0F24D1C1C153DCA00457BA2 /* Resources */ = {
			isa = PBXResourcesBuildPhase;
			buildActionMask = 2147483647;
			files = (
			);
			runOnlyForDeploymentPostprocessing = 0;
		};
		A0F24D271C153DCA00457BA2 /* Resources */ = {
			isa = PBXResourcesBuildPhase;
			buildActionMask = 2147483647;
			files = (
			);
			runOnlyForDeploymentPostprocessing = 0;
		};
/* End PBXResourcesBuildPhase section */

/* Begin PBXSourcesBuildPhase section */
		A0F24D011C153DC900457BA2 /* Sources */ = {
			isa = PBXSourcesBuildPhase;
			buildActionMask = 2147483647;
			files = (
				A0F24D101C153DC900457BA2 /* ViewController.m in Sources */,
				A0F24D0D1C153DC900457BA2 /* AppDelegate.m in Sources */,
				A0F24D0A1C153DC900457BA2 /* main.m in Sources */,
			);
			runOnlyForDeploymentPostprocessing = 0;
		};
		A0F24D1A1C153DCA00457BA2 /* Sources */ = {
			isa = PBXSourcesBuildPhase;
			buildActionMask = 2147483647;
			files = (
				A0F24D231C153DCA00457BA2 /* PruebaGitHubTests.m in Sources */,
			);
			runOnlyForDeploymentPostprocessing = 0;
		};
		A0F24D251C153DCA00457BA2 /* Sources */ = {
			isa = PBXSourcesBuildPhase;
			buildActionMask = 2147483647;
			files = (
				A0F24D2E1C153DCA00457BA2 /* PruebaGitHubUITests.m in Sources */,
			);
			runOnlyForDeploymentPostprocessing = 0;
		};
/* End PBXSourcesBuildPhase section */

/* Begin PBXTargetDependency section */
		A0F24D201C153DCA00457BA2 /* PBXTargetDependency */ = {
			isa = PBXTargetDependency;
			target = A0F24D041C153DC900457BA2 /* PruebaGitHub */;
			targetProxy = A0F24D1F1C153DCA00457BA2 /* PBXContainerItemProxy */;
		};
		A0F24D2B1C153DCA00457BA2 /* PBXTargetDependency */ = {
			isa = PBXTargetDependency;
			target = A0F24D041C153DC900457BA2 /* PruebaGitHub */;
			targetProxy = A0F24D2A1C153DCA00457BA2 /* PBXContainerItemProxy */;
		};
/* End PBXTargetDependency section */

/* Begin PBXVariantGroup section */
		A0F24D111C153DC900457BA2 /* Main.storyboard */ = {
			isa = PBXVariantGroup;
			children = (
				A0F24D121C153DC900457BA2 /* Base */,
			);
			name = Main.storyboard;
			sourceTree = "<group>";
		};
		A0F24D161C153DC900457BA2 /* LaunchScreen.storyboard */ = {
			isa = PBXVariantGroup;
			children = (
				A0F24D171C153DC900457BA2 /* Base */,
			);
			name = LaunchScreen.storyboard;
			sourceTree = "<group>";
		};
/* End PBXVariantGroup section */

/* Begin XCBuildConfiguration section */
		A0F24D301C153DCA00457BA2 /* Debug */ = {
			isa = XCBuildConfiguration;
			buildSettings = {
				ALWAYS_SEARCH_USER_PATHS = NO;
				CLANG_CXX_LANGUAGE_STANDARD = "gnu++0x";
				CLANG_CXX_LIBRARY = "libc++";
				CLANG_ENABLE_MODULES = YES;
				CLANG_ENABLE_OBJC_ARC = YES;
				CLANG_WARN_BOOL_CONVERSION = YES;
				CLANG_WARN_CONSTANT_CONVERSION = YES;
				CLANG_WARN_DIRECT_OBJC_ISA_USAGE = YES_ERROR;
				CLANG_WARN_EMPTY_BODY = YES;
				CLANG_WARN_ENUM_CONVERSION = YES;
				CLANG_WARN_INT_CONVERSION = YES;
				CLANG_WARN_OBJC_ROOT_CLASS = YES_ERROR;
				CLANG_WARN_UNREACHABLE_CODE = YES;
				CLANG_WARN__DUPLICATE_METHOD_MATCH = YES;
				"CODE_SIGN_IDENTITY[sdk=iphoneos*]" = "iPhone Developer";
				COPY_PHASE_STRIP = NO;
				DEBUG_INFORMATION_FORMAT = dwarf;
				ENABLE_STRICT_OBJC_MSGSEND = YES;
				ENABLE_TESTABILITY = YES;
				GCC_C_LANGUAGE_STANDARD = gnu99;
				GCC_DYNAMIC_NO_PIC = NO;
				GCC_NO_COMMON_BLOCKS = YES;
				GCC_OPTIMIZATION_LEVEL = 0;
				GCC_PREPROCESSOR_DEFINITIONS = (
					"DEBUG=1",
					"$(inherited)",
				);
				GCC_WARN_64_TO_32_BIT_CONVERSION = YES;
				GCC_WARN_ABOUT_RETURN_TYPE = YES_ERROR;
				GCC_WARN_UNDECLARED_SELECTOR = YES;
				GCC_WARN_UNINITIALIZED_AUTOS = YES_AGGRESSIVE;
				GCC_WARN_UNUSED_FUNCTION = YES;
				GCC_WARN_UNUSED_VARIABLE = YES;
				IPHONEOS_DEPLOYMENT_TARGET = 9.1;
				MTL_ENABLE_DEBUG_INFO = YES;
				ONLY_ACTIVE_ARCH = YES;
				SDKROOT = iphoneos;
			};
			name = Debug;
		};
		A0F24D311C153DCA00457BA2 /* Release */ = {
			isa = XCBuildConfiguration;
			buildSettings = {
				ALWAYS_SEARCH_USER_PATHS = NO;
				CLANG_CXX_LANGUAGE_STANDARD = "gnu++0x";
				CLANG_CXX_LIBRARY = "libc++";
				CLANG_ENABLE_MODULES = YES;
				CLANG_ENABLE_OBJC_ARC = YES;
				CLANG_WARN_BOOL_CONVERSION = YES;
				CLANG_WARN_CONSTANT_CONVERSION = YES;
				CLANG_WARN_DIRECT_OBJC_ISA_USAGE = YES_ERROR;
				CLANG_WARN_EMPTY_BODY = YES;
				CLANG_WARN_ENUM_CONVERSION = YES;
				CLANG_WARN_INT_CONVERSION = YES;
				CLANG_WARN_OBJC_ROOT_CLASS = YES_ERROR;
				CLANG_WARN_UNREACHABLE_CODE = YES;
				CLANG_WARN__DUPLICATE_METHOD_MATCH = YES;
				"CODE_SIGN_IDENTITY[sdk=iphoneos*]" = "iPhone Developer";
				COPY_PHASE_STRIP = NO;
				DEBUG_INFORMATION_FORMAT = "dwarf-with-dsym";
				ENABLE_NS_ASSERTIONS = NO;
				ENABLE_STRICT_OBJC_MSGSEND = YES;
				GCC_C_LANGUAGE_STANDARD = gnu99;
				GCC_NO_COMMON_BLOCKS = YES;
				GCC_WARN_64_TO_32_BIT_CONVERSION = YES;
				GCC_WARN_ABOUT_RETURN_TYPE = YES_ERROR;
				GCC_WARN_UNDECLARED_SELECTOR = YES;
				GCC_WARN_UNINITIALIZED_AUTOS = YES_AGGRESSIVE;
				GCC_WARN_UNUSED_FUNCTION = YES;
				GCC_WARN_UNUSED_VARIABLE = YES;
				IPHONEOS_DEPLOYMENT_TARGET = 9.1;
				MTL_ENABLE_DEBUG_INFO = NO;
				SDKROOT = iphoneos;
				VALIDATE_PRODUCT = YES;
			};
			name = Release;
		};
		A0F24D331C153DCA00457BA2 /* Debug */ = {
			isa = XCBuildConfiguration;
			buildSettings = {
				ASSETCATALOG_COMPILER_APPICON_NAME = AppIcon;
				INFOPLIST_FILE = PruebaGitHub/Info.plist;
				LD_RUNPATH_SEARCH_PATHS = "$(inherited) @executable_path/Frameworks";
				PRODUCT_BUNDLE_IDENTIFIER = LCM.PruebaGitHub;
				PRODUCT_NAME = "$(TARGET_NAME)";
			};
			name = Debug;
		};
		A0F24D341C153DCA00457BA2 /* Release */ = {
			isa = XCBuildConfiguration;
			buildSettings = {
				ASSETCATALOG_COMPILER_APPICON_NAME = AppIcon;
				INFOPLIST_FILE = PruebaGitHub/Info.plist;
				LD_RUNPATH_SEARCH_PATHS = "$(inherited) @executable_path/Frameworks";
				PRODUCT_BUNDLE_IDENTIFIER = LCM.PruebaGitHub;
				PRODUCT_NAME = "$(TARGET_NAME)";
			};
			name = Release;
		};
		A0F24D361C153DCA00457BA2 /* Debug */ = {
			isa = XCBuildConfiguration;
			buildSettings = {
				BUNDLE_LOADER = "$(TEST_HOST)";
				INFOPLIST_FILE = PruebaGitHubTests/Info.plist;
				LD_RUNPATH_SEARCH_PATHS = "$(inherited) @executable_path/Frameworks @loader_path/Frameworks";
				PRODUCT_BUNDLE_IDENTIFIER = LCM.PruebaGitHubTests;
				PRODUCT_NAME = "$(TARGET_NAME)";
				TEST_HOST = "$(BUILT_PRODUCTS_DIR)/PruebaGitHub.app/PruebaGitHub";
			};
			name = Debug;
		};
		A0F24D371C153DCA00457BA2 /* Release */ = {
			isa = XCBuildConfiguration;
			buildSettings = {
				BUNDLE_LOADER = "$(TEST_HOST)";
				INFOPLIST_FILE = PruebaGitHubTests/Info.plist;
				LD_RUNPATH_SEARCH_PATHS = "$(inherited) @executable_path/Frameworks @loader_path/Frameworks";
				PRODUCT_BUNDLE_IDENTIFIER = LCM.PruebaGitHubTests;
				PRODUCT_NAME = "$(TARGET_NAME)";
				TEST_HOST = "$(BUILT_PRODUCTS_DIR)/PruebaGitHub.app/PruebaGitHub";
			};
			name = Release;
		};
		A0F24D391C153DCA00457BA2 /* Debug */ = {
			isa = XCBuildConfiguration;
			buildSettings = {
				INFOPLIST_FILE = PruebaGitHubUITests/Info.plist;
				LD_RUNPATH_SEARCH_PATHS = "$(inherited) @executable_path/Frameworks @loader_path/Frameworks";
				PRODUCT_BUNDLE_IDENTIFIER = LCM.PruebaGitHubUITests;
				PRODUCT_NAME = "$(TARGET_NAME)";
				TEST_TARGET_NAME = PruebaGitHub;
				USES_XCTRUNNER = YES;
			};
			name = Debug;
		};
		A0F24D3A1C153DCA00457BA2 /* Release */ = {
			isa = XCBuildConfiguration;
			buildSettings = {
				INFOPLIST_FILE = PruebaGitHubUITests/Info.plist;
				LD_RUNPATH_SEARCH_PATHS = "$(inherited) @executable_path/Frameworks @loader_path/Frameworks";
				PRODUCT_BUNDLE_IDENTIFIER = LCM.PruebaGitHubUITests;
				PRODUCT_NAME = "$(TARGET_NAME)";
				TEST_TARGET_NAME = PruebaGitHub;
				USES_XCTRUNNER = YES;
			};
			name = Release;
		};
/* End XCBuildConfiguration section */

/* Begin XCConfigurationList section */
		A0F24D001C153DC900457BA2 /* Build configuration list for PBXProject "PruebaGitHub" */ = {
			isa = XCConfigurationList;
			buildConfigurations = (
				A0F24D301C153DCA00457BA2 /* Debug */,
				A0F24D311C153DCA00457BA2 /* Release */,
			);
			defaultConfigurationIsVisible = 0;
			defaultConfigurationName = Release;
		};
		A0F24D321C153DCA00457BA2 /* Build configuration list for PBXNativeTarget "PruebaGitHub" */ = {
			isa = XCConfigurationList;
			buildConfigurations = (
				A0F24D331C153DCA00457BA2 /* Debug */,
				A0F24D341C153DCA00457BA2 /* Release */,
			);
			defaultConfigurationIsVisible = 0;
		};
		A0F24D351C153DCA00457BA2 /* Build configuration list for PBXNativeTarget "PruebaGitHubTests" */ = {
			isa = XCConfigurationList;
			buildConfigurations = (
				A0F24D361C153DCA00457BA2 /* Debug */,
				A0F24D371C153DCA00457BA2 /* Release */,
			);
			defaultConfigurationIsVisible = 0;
		};
		A0F24D381C153DCA00457BA2 /* Build configuration list for PBXNativeTarget "PruebaGitHubUITests" */ = {
			isa = XCConfigurationList;
			buildConfigurations = (
				A0F24D391C153DCA00457BA2 /* Debug */,
				A0F24D3A1C153DCA00457BA2 /* Release */,
			);
			defaultConfigurationIsVisible = 0;
		};
/* End XCConfigurationList section */
	};
	rootObject = A0F24CFD1C153DC900457BA2 /* Project object */;
}
